// !$*UTF8*$!
{
	archiveVersion = 1;
	classes = {
	};
	objectVersion = 56;
	objects = {

/* Begin PBXBuildFile section */
		188571842B2C9F870054CFD5 /* Extension+Bool.swift in Sources */ = {isa = PBXBuildFile; fileRef = 188571832B2C9F870054CFD5 /* Extension+Bool.swift */; };
		188571862B2CA0020054CFD5 /* FontFamilly.swift in Sources */ = {isa = PBXBuildFile; fileRef = 188571852B2CA0020054CFD5 /* FontFamilly.swift */; };
		1885718B2B2CA50C0054CFD5 /* Constant.swift in Sources */ = {isa = PBXBuildFile; fileRef = 1885718A2B2CA50C0054CFD5 /* Constant.swift */; };
		18F086EC2B2B7C2200CDFB27 /* AppDelegate.swift in Sources */ = {isa = PBXBuildFile; fileRef = 18F086EB2B2B7C2200CDFB27 /* AppDelegate.swift */; };
		18F086EE2B2B7C2200CDFB27 /* SceneDelegate.swift in Sources */ = {isa = PBXBuildFile; fileRef = 18F086ED2B2B7C2200CDFB27 /* SceneDelegate.swift */; };
		18F086F02B2B7C2200CDFB27 /* ViewController.swift in Sources */ = {isa = PBXBuildFile; fileRef = 18F086EF2B2B7C2200CDFB27 /* ViewController.swift */; };
		18F086F32B2B7C2200CDFB27 /* Main.storyboard in Resources */ = {isa = PBXBuildFile; fileRef = 18F086F12B2B7C2200CDFB27 /* Main.storyboard */; };
		18F086F52B2B7C2600CDFB27 /* Assets.xcassets in Resources */ = {isa = PBXBuildFile; fileRef = 18F086F42B2B7C2600CDFB27 /* Assets.xcassets */; };
		18F086F82B2B7C2600CDFB27 /* LaunchScreen.storyboard in Resources */ = {isa = PBXBuildFile; fileRef = 18F086F62B2B7C2600CDFB27 /* LaunchScreen.storyboard */; };
		18F087032B2B7C7400CDFB27 /* ViewClass.swift in Sources */ = {isa = PBXBuildFile; fileRef = 18F087022B2B7C7400CDFB27 /* ViewClass.swift */; };
		18F087072B2B7F1F00CDFB27 /* Extension+UIView.swift in Sources */ = {isa = PBXBuildFile; fileRef = 18F087062B2B7F1F00CDFB27 /* Extension+UIView.swift */; };
		18FAA3DC2B663F7D00884F27 /* Extension+UIViewController.swift in Sources */ = {isa = PBXBuildFile; fileRef = 18FAA3DB2B663F7D00884F27 /* Extension+UIViewController.swift */; };
		18FAA3DE2B66409E00884F27 /* Extension+UIStoryboard.swift in Sources */ = {isa = PBXBuildFile; fileRef = 18FAA3DD2B66409E00884F27 /* Extension+UIStoryboard.swift */; };
/* End PBXBuildFile section */

/* Begin PBXFileReference section */
		188571832B2C9F870054CFD5 /* Extension+Bool.swift */ = {isa = PBXFileReference; lastKnownFileType = sourcecode.swift; path = "Extension+Bool.swift"; sourceTree = "<group>"; };
		188571852B2CA0020054CFD5 /* FontFamilly.swift */ = {isa = PBXFileReference; lastKnownFileType = sourcecode.swift; path = FontFamilly.swift; sourceTree = "<group>"; };
		1885718A2B2CA50C0054CFD5 /* Constant.swift */ = {isa = PBXFileReference; lastKnownFileType = sourcecode.swift; path = Constant.swift; sourceTree = "<group>"; };
		18F086E82B2B7C2200CDFB27 /* HelperClasses.app */ = {isa = PBXFileReference; explicitFileType = wrapper.application; includeInIndex = 0; path = HelperClasses.app; sourceTree = BUILT_PRODUCTS_DIR; };
		18F086EB2B2B7C2200CDFB27 /* AppDelegate.swift */ = {isa = PBXFileReference; lastKnownFileType = sourcecode.swift; path = AppDelegate.swift; sourceTree = "<group>"; };
		18F086ED2B2B7C2200CDFB27 /* SceneDelegate.swift */ = {isa = PBXFileReference; lastKnownFileType = sourcecode.swift; path = SceneDelegate.swift; sourceTree = "<group>"; };
		18F086EF2B2B7C2200CDFB27 /* ViewController.swift */ = {isa = PBXFileReference; lastKnownFileType = sourcecode.swift; path = ViewController.swift; sourceTree = "<group>"; };
		18F086F22B2B7C2200CDFB27 /* Base */ = {isa = PBXFileReference; lastKnownFileType = file.storyboard; name = Base; path = Base.lproj/Main.storyboard; sourceTree = "<group>"; };
		18F086F42B2B7C2600CDFB27 /* Assets.xcassets */ = {isa = PBXFileReference; lastKnownFileType = folder.assetcatalog; path = Assets.xcassets; sourceTree = "<group>"; };
		18F086F72B2B7C2600CDFB27 /* Base */ = {isa = PBXFileReference; lastKnownFileType = file.storyboard; name = Base; path = Base.lproj/LaunchScreen.storyboard; sourceTree = "<group>"; };
		18F086F92B2B7C2600CDFB27 /* Info.plist */ = {isa = PBXFileReference; lastKnownFileType = text.plist.xml; path = Info.plist; sourceTree = "<group>"; };
		18F087022B2B7C7400CDFB27 /* ViewClass.swift */ = {isa = PBXFileReference; lastKnownFileType = sourcecode.swift; path = ViewClass.swift; sourceTree = "<group>"; };
		18F087062B2B7F1F00CDFB27 /* Extension+UIView.swift */ = {isa = PBXFileReference; lastKnownFileType = sourcecode.swift; path = "Extension+UIView.swift"; sourceTree = "<group>"; };
		18FAA3DB2B663F7D00884F27 /* Extension+UIViewController.swift */ = {isa = PBXFileReference; lastKnownFileType = sourcecode.swift; path = "Extension+UIViewController.swift"; sourceTree = "<group>"; };
		18FAA3DD2B66409E00884F27 /* Extension+UIStoryboard.swift */ = {isa = PBXFileReference; lastKnownFileType = sourcecode.swift; path = "Extension+UIStoryboard.swift"; sourceTree = "<group>"; };
/* End PBXFileReference section */

/* Begin PBXFrameworksBuildPhase section */
		18F086E52B2B7C2200CDFB27 /* Frameworks */ = {
			isa = PBXFrameworksBuildPhase;
			buildActionMask = 2147483647;
			files = (
			);
			runOnlyForDeploymentPostprocessing = 0;
		};
/* End PBXFrameworksBuildPhase section */

/* Begin PBXGroup section */
		18C7155B2B5D63D7005E369D /* CustomViews */ = {
			isa = PBXGroup;
			children = (
			);
			path = CustomViews;
			sourceTree = "<group>";
		};
		18F086DF2B2B7C2200CDFB27 = {
			isa = PBXGroup;
			children = (
				18F086EA2B2B7C2200CDFB27 /* HelperClasses */,
				18F086E92B2B7C2200CDFB27 /* Products */,
			);
			sourceTree = "<group>";
		};
		18F086E92B2B7C2200CDFB27 /* Products */ = {
			isa = PBXGroup;
			children = (
				18F086E82B2B7C2200CDFB27 /* HelperClasses.app */,
			);
			name = Products;
			sourceTree = "<group>";
		};
		18F086EA2B2B7C2200CDFB27 /* HelperClasses */ = {
			isa = PBXGroup;
			children = (
				18F086FF2B2B7C3200CDFB27 /* LifeCycle */,
				18F087012B2B7C5400CDFB27 /* ViewControllers */,
				18F087002B2B7C4600CDFB27 /* Helper */,
				18F087082B2B7F2300CDFB27 /* Extensions */,
				18F087042B2B7D2400CDFB27 /* StoryBoards */,
				18F087052B2B7D3D00CDFB27 /* ExtResources */,
				18F086F92B2B7C2600CDFB27 /* Info.plist */,
			);
			path = HelperClasses;
			sourceTree = "<group>";
		};
		18F086FF2B2B7C3200CDFB27 /* LifeCycle */ = {
			isa = PBXGroup;
			children = (
				18F086EB2B2B7C2200CDFB27 /* AppDelegate.swift */,
				18F086ED2B2B7C2200CDFB27 /* SceneDelegate.swift */,
			);
			path = LifeCycle;
			sourceTree = "<group>";
		};
		18F087002B2B7C4600CDFB27 /* Helper */ = {
			isa = PBXGroup;
			children = (
				18F087022B2B7C7400CDFB27 /* ViewClass.swift */,
				188571852B2CA0020054CFD5 /* FontFamilly.swift */,
				1885718A2B2CA50C0054CFD5 /* Constant.swift */,
			);
			path = Helper;
			sourceTree = "<group>";
		};
		18F087012B2B7C5400CDFB27 /* ViewControllers */ = {
			isa = PBXGroup;
			children = (
				18F086EF2B2B7C2200CDFB27 /* ViewController.swift */,
			);
			path = ViewControllers;
			sourceTree = "<group>";
		};
		18F087042B2B7D2400CDFB27 /* StoryBoards */ = {
			isa = PBXGroup;
			children = (
				18F086F12B2B7C2200CDFB27 /* Main.storyboard */,
				18F086F62B2B7C2600CDFB27 /* LaunchScreen.storyboard */,
			);
			path = StoryBoards;
			sourceTree = "<group>";
		};
		18F087052B2B7D3D00CDFB27 /* ExtResources */ = {
			isa = PBXGroup;
			children = (
				18F086F42B2B7C2600CDFB27 /* Assets.xcassets */,
			);
			path = ExtResources;
			sourceTree = "<group>";
		};
		18F087082B2B7F2300CDFB27 /* Extensions */ = {
			isa = PBXGroup;
			children = (
				18F087062B2B7F1F00CDFB27 /* Extension+UIView.swift */,
				18FAA3DB2B663F7D00884F27 /* Extension+UIViewController.swift */,
				188571832B2C9F870054CFD5 /* Extension+Bool.swift */,
				18FAA3DD2B66409E00884F27 /* Extension+UIStoryboard.swift */,
			);
			path = Extensions;
			sourceTree = "<group>";
		};
/* End PBXGroup section */

/* Begin PBXNativeTarget section */
		18F086E72B2B7C2200CDFB27 /* HelperClasses */ = {
			isa = PBXNativeTarget;
			buildConfigurationList = 18F086FC2B2B7C2600CDFB27 /* Build configuration list for PBXNativeTarget "HelperClasses" */;
			buildPhases = (
				18F086E42B2B7C2200CDFB27 /* Sources */,
				18F086E52B2B7C2200CDFB27 /* Frameworks */,
				18F086E62B2B7C2200CDFB27 /* Resources */,
			);
			buildRules = (
			);
			dependencies = (
			);
			name = HelperClasses;
			productName = HelperClasses;
			productReference = 18F086E82B2B7C2200CDFB27 /* HelperClasses.app */;
			productType = "com.apple.product-type.application";
		};
/* End PBXNativeTarget section */

/* Begin PBXProject section */
		18F086E02B2B7C2200CDFB27 /* Project object */ = {
			isa = PBXProject;
			attributes = {
				BuildIndependentTargetsInParallel = 1;
				LastSwiftUpdateCheck = 1430;
				LastUpgradeCheck = 1430;
				TargetAttributes = {
					18F086E72B2B7C2200CDFB27 = {
						CreatedOnToolsVersion = 14.3.1;
					};
				};
			};
			buildConfigurationList = 18F086E32B2B7C2200CDFB27 /* Build configuration list for PBXProject "HelperClasses" */;
			compatibilityVersion = "Xcode 14.0";
			developmentRegion = en;
			hasScannedForEncodings = 0;
			knownRegions = (
				en,
				Base,
			);
			mainGroup = 18F086DF2B2B7C2200CDFB27;
			productRefGroup = 18F086E92B2B7C2200CDFB27 /* Products */;
			projectDirPath = "";
			projectRoot = "";
			targets = (
				18F086E72B2B7C2200CDFB27 /* HelperClasses */,
			);
		};
/* End PBXProject section */

/* Begin PBXResourcesBuildPhase section */
		18F086E62B2B7C2200CDFB27 /* Resources */ = {
			isa = PBXResourcesBuildPhase;
			buildActionMask = 2147483647;
			files = (
				18F086F82B2B7C2600CDFB27 /* LaunchScreen.storyboard in Resources */,
				18F086F52B2B7C2600CDFB27 /* Assets.xcassets in Resources */,
				18F086F32B2B7C2200CDFB27 /* Main.storyboard in Resources */,
			);
			runOnlyForDeploymentPostprocessing = 0;
		};
/* End PBXResourcesBuildPhase section */

/* Begin PBXSourcesBuildPhase section */
		18F086E42B2B7C2200CDFB27 /* Sources */ = {
			isa = PBXSourcesBuildPhase;
			buildActionMask = 2147483647;
			files = (
				18F086F02B2B7C2200CDFB27 /* ViewController.swift in Sources */,
				188571842B2C9F870054CFD5 /* Extension+Bool.swift in Sources */,
				18F086EC2B2B7C2200CDFB27 /* AppDelegate.swift in Sources */,
				1885718B2B2CA50C0054CFD5 /* Constant.swift in Sources */,
				18F087072B2B7F1F00CDFB27 /* Extension+UIView.swift in Sources */,
				18FAA3DE2B66409E00884F27 /* Extension+UIStoryboard.swift in Sources */,
				18F086EE2B2B7C2200CDFB27 /* SceneDelegate.swift in Sources */,
				18F087032B2B7C7400CDFB27 /* ViewClass.swift in Sources */,
				18FAA3DC2B663F7D00884F27 /* Extension+UIViewController.swift in Sources */,
				188571862B2CA0020054CFD5 /* FontFamilly.swift in Sources */,
			);
			runOnlyForDeploymentPostprocessing = 0;
		};
/* End PBXSourcesBuildPhase section */

/* Begin PBXVariantGroup section */
		18F086F12B2B7C2200CDFB27 /* Main.storyboard */ = {
			isa = PBXVariantGroup;
			children = (
				18F086F22B2B7C2200CDFB27 /* Base */,
			);
			name = Main.storyboard;
			sourceTree = "<group>";
		};
		18F086F62B2B7C2600CDFB27 /* LaunchScreen.storyboard */ = {
			isa = PBXVariantGroup;
			children = (
				18F086F72B2B7C2600CDFB27 /* Base */,
			);
			name = LaunchScreen.storyboard;
			sourceTree = "<group>";
		};
/* End PBXVariantGroup section */

/* Begin XCBuildConfiguration section */
		18F086FA2B2B7C2600CDFB27 /* Debug */ = {
			isa = XCBuildConfiguration;
			buildSettings = {
				ALWAYS_SEARCH_USER_PATHS = NO;
				CLANG_ANALYZER_NONNULL = YES;
				CLANG_ANALYZER_NUMBER_OBJECT_CONVERSION = YES_AGGRESSIVE;
				CLANG_CXX_LANGUAGE_STANDARD = "gnu++20";
				CLANG_ENABLE_MODULES = YES;
				CLANG_ENABLE_OBJC_ARC = YES;
				CLANG_ENABLE_OBJC_WEAK = YES;
				CLANG_WARN_BLOCK_CAPTURE_AUTORELEASING = YES;
				CLANG_WARN_BOOL_CONVERSION = YES;
				CLANG_WARN_COMMA = YES;
				CLANG_WARN_CONSTANT_CONVERSION = YES;
				CLANG_WARN_DEPRECATED_OBJC_IMPLEMENTATIONS = YES;
				CLANG_WARN_DIRECT_OBJC_ISA_USAGE = YES_ERROR;
				CLANG_WARN_DOCUMENTATION_COMMENTS = YES;
				CLANG_WARN_EMPTY_BODY = YES;
				CLANG_WARN_ENUM_CONVERSION = YES;
				CLANG_WARN_INFINITE_RECURSION = YES;
				CLANG_WARN_INT_CONVERSION = YES;
				CLANG_WARN_NON_LITERAL_NULL_CONVERSION = YES;
				CLANG_WARN_OBJC_IMPLICIT_RETAIN_SELF = YES;
				CLANG_WARN_OBJC_LITERAL_CONVERSION = YES;
				CLANG_WARN_OBJC_ROOT_CLASS = YES_ERROR;
				CLANG_WARN_QUOTED_INCLUDE_IN_FRAMEWORK_HEADER = YES;
				CLANG_WARN_RANGE_LOOP_ANALYSIS = YES;
				CLANG_WARN_STRICT_PROTOTYPES = YES;
				CLANG_WARN_SUSPICIOUS_MOVE = YES;
				CLANG_WARN_UNGUARDED_AVAILABILITY = YES_AGGRESSIVE;
				CLANG_WARN_UNREACHABLE_CODE = YES;
				CLANG_WARN__DUPLICATE_METHOD_MATCH = YES;
				COPY_PHASE_STRIP = NO;
				DEBUG_INFORMATION_FORMAT = dwarf;
				ENABLE_STRICT_OBJC_MSGSEND = YES;
				ENABLE_TESTABILITY = YES;
				GCC_C_LANGUAGE_STANDARD = gnu11;
				GCC_DYNAMIC_NO_PIC = NO;
				GCC_NO_COMMON_BLOCKS = YES;
				GCC_OPTIMIZATION_LEVEL = 0;
				GCC_PREPROCESSOR_DEFINITIONS = (
					"DEBUG=1",
					"$(inherited)",
				);
				GCC_WARN_64_TO_32_BIT_CONVERSION = YES;
				GCC_WARN_ABOUT_RETURN_TYPE = YES_ERROR;
				GCC_WARN_UNDECLARED_SELECTOR = YES;
				GCC_WARN_UNINITIALIZED_AUTOS = YES_AGGRESSIVE;
				GCC_WARN_UNUSED_FUNCTION = YES;
				GCC_WARN_UNUSED_VARIABLE = YES;
				IPHONEOS_DEPLOYMENT_TARGET = 16.4;
				MTL_ENABLE_DEBUG_INFO = INCLUDE_SOURCE;
				MTL_FAST_MATH = YES;
				ONLY_ACTIVE_ARCH = YES;
				SDKROOT = iphoneos;
				SWIFT_ACTIVE_COMPILATION_CONDITIONS = DEBUG;
				SWIFT_OPTIMIZATION_LEVEL = "-Onone";
			};
			name = Debug;
		};
		18F086FB2B2B7C2600CDFB27 /* Release */ = {
			isa = XCBuildConfiguration;
			buildSettings = {
				ALWAYS_SEARCH_USER_PATHS = NO;
				CLANG_ANALYZER_NONNULL = YES;
				CLANG_ANALYZER_NUMBER_OBJECT_CONVERSION = YES_AGGRESSIVE;
				CLANG_CXX_LANGUAGE_STANDARD = "gnu++20";
				CLANG_ENABLE_MODULES = YES;
				CLANG_ENABLE_OBJC_ARC = YES;
				CLANG_ENABLE_OBJC_WEAK = YES;
				CLANG_WARN_BLOCK_CAPTURE_AUTORELEASING = YES;
				CLANG_WARN_BOOL_CONVERSION = YES;
				CLANG_WARN_COMMA = YES;
				CLANG_WARN_CONSTANT_CONVERSION = YES;
				CLANG_WARN_DEPRECATED_OBJC_IMPLEMENTATIONS = YES;
				CLANG_WARN_DIRECT_OBJC_ISA_USAGE = YES_ERROR;
				CLANG_WARN_DOCUMENTATION_COMMENTS = YES;
				CLANG_WARN_EMPTY_BODY = YES;
				CLANG_WARN_ENUM_CONVERSION = YES;
				CLANG_WARN_INFINITE_RECURSION = YES;
				CLANG_WARN_INT_CONVERSION = YES;
				CLANG_WARN_NON_LITERAL_NULL_CONVERSION = YES;
				CLANG_WARN_OBJC_IMPLICIT_RETAIN_SELF = YES;
				CLANG_WARN_OBJC_LITERAL_CONVERSION = YES;
				CLANG_WARN_OBJC_ROOT_CLASS = YES_ERROR;
				CLANG_WARN_QUOTED_INCLUDE_IN_FRAMEWORK_HEADER = YES;
				CLANG_WARN_RANGE_LOOP_ANALYSIS = YES;
				CLANG_WARN_STRICT_PROTOTYPES = YES;
				CLANG_WARN_SUSPICIOUS_MOVE = YES;
				CLANG_WARN_UNGUARDED_AVAILABILITY = YES_AGGRESSIVE;
				CLANG_WARN_UNREACHABLE_CODE = YES;
				CLANG_WARN__DUPLICATE_METHOD_MATCH = YES;
				COPY_PHASE_STRIP = NO;
				DEBUG_INFORMATION_FORMAT = "dwarf-with-dsym";
				ENABLE_NS_ASSERTIONS = NO;
				ENABLE_STRICT_OBJC_MSGSEND = YES;
				GCC_C_LANGUAGE_STANDARD = gnu11;
				GCC_NO_COMMON_BLOCKS = YES;
				GCC_WARN_64_TO_32_BIT_CONVERSION = YES;
				GCC_WARN_ABOUT_RETURN_TYPE = YES_ERROR;
				GCC_WARN_UNDECLARED_SELECTOR = YES;
				GCC_WARN_UNINITIALIZED_AUTOS = YES_AGGRESSIVE;
				GCC_WARN_UNUSED_FUNCTION = YES;
				GCC_WARN_UNUSED_VARIABLE = YES;
				IPHONEOS_DEPLOYMENT_TARGET = 16.4;
				MTL_ENABLE_DEBUG_INFO = NO;
				MTL_FAST_MATH = YES;
				SDKROOT = iphoneos;
				SWIFT_COMPILATION_MODE = wholemodule;
				SWIFT_OPTIMIZATION_LEVEL = "-O";
				VALIDATE_PRODUCT = YES;
			};
			name = Release;
		};
		18F086FD2B2B7C2600CDFB27 /* Debug */ = {
			isa = XCBuildConfiguration;
			buildSettings = {
				ASSETCATALOG_COMPILER_APPICON_NAME = AppIcon;
				ASSETCATALOG_COMPILER_GLOBAL_ACCENT_COLOR_NAME = AccentColor;
				CODE_SIGN_STYLE = Automatic;
				CURRENT_PROJECT_VERSION = 1;
				GENERATE_INFOPLIST_FILE = YES;
				INFOPLIST_FILE = HelperClasses/Info.plist;
				INFOPLIST_KEY_UIApplicationSupportsIndirectInputEvents = YES;
				INFOPLIST_KEY_UILaunchStoryboardName = LaunchScreen;
				INFOPLIST_KEY_UIMainStoryboardFile = Main;
				INFOPLIST_KEY_UISupportedInterfaceOrientations_iPad = "UIInterfaceOrientationPortrait UIInterfaceOrientationPortraitUpsideDown UIInterfaceOrientationLandscapeLeft UIInterfaceOrientationLandscapeRight";
				INFOPLIST_KEY_UISupportedInterfaceOrientations_iPhone = "UIInterfaceOrientationPortrait UIInterfaceOrientationLandscapeLeft UIInterfaceOrientationLandscapeRight";
				LD_RUNPATH_SEARCH_PATHS = (
					"$(inherited)",
					"@executable_path/Frameworks",
				);
				MARKETING_VERSION = 1.0;
				PRODUCT_BUNDLE_IDENTIFIER = ABCD.HelperClasses;
				PRODUCT_NAME = "$(TARGET_NAME)";
				SUPPORTED_PLATFORMS = "iphoneos iphonesimulator";
				SUPPORTS_MACCATALYST = NO;
				SUPPORTS_MAC_DESIGNED_FOR_IPHONE_IPAD = NO;
				SWIFT_EMIT_LOC_STRINGS = YES;
				SWIFT_VERSION = 5.0;
				TARGETED_DEVICE_FAMILY = 1;
			};
			name = Debug;
		};
		18F086FE2B2B7C2600CDFB27 /* Release */ = {
			isa = XCBuildConfiguration;
			buildSettings = {
				ASSETCATALOG_COMPILER_APPICON_NAME = AppIcon;
				ASSETCATALOG_COMPILER_GLOBAL_ACCENT_COLOR_NAME = AccentColor;
				CODE_SIGN_STYLE = Automatic;
				CURRENT_PROJECT_VERSION = 1;
				GENERATE_INFOPLIST_FILE = YES;
				INFOPLIST_FILE = HelperClasses/Info.plist;
				INFOPLIST_KEY_UIApplicationSupportsIndirectInputEvents = YES;
				INFOPLIST_KEY_UILaunchStoryboardName = LaunchScreen;
				INFOPLIST_KEY_UIMainStoryboardFile = Main;
				INFOPLIST_KEY_UISupportedInterfaceOrientations_iPad = "UIInterfaceOrientationPortrait UIInterfaceOrientationPortraitUpsideDown UIInterfaceOrientationLandscapeLeft UIInterfaceOrientationLandscapeRight";
				INFOPLIST_KEY_UISupportedInterfaceOrientations_iPhone = "UIInterfaceOrientationPortrait UIInterfaceOrientationLandscapeLeft UIInterfaceOrientationLandscapeRight";
				LD_RUNPATH_SEARCH_PATHS = (
					"$(inherited)",
					"@executable_path/Frameworks",
				);
				MARKETING_VERSION = 1.0;
				PRODUCT_BUNDLE_IDENTIFIER = ABCD.HelperClasses;
				PRODUCT_NAME = "$(TARGET_NAME)";
				SUPPORTED_PLATFORMS = "iphoneos iphonesimulator";
				SUPPORTS_MACCATALYST = NO;
				SUPPORTS_MAC_DESIGNED_FOR_IPHONE_IPAD = NO;
				SWIFT_EMIT_LOC_STRINGS = YES;
				SWIFT_VERSION = 5.0;
				TARGETED_DEVICE_FAMILY = 1;
			};
			name = Release;
		};
/* End XCBuildConfiguration section */

/* Begin XCConfigurationList section */
		18F086E32B2B7C2200CDFB27 /* Build configuration list for PBXProject "HelperClasses" */ = {
			isa = XCConfigurationList;
			buildConfigurations = (
				18F086FA2B2B7C2600CDFB27 /* Debug */,
				18F086FB2B2B7C2600CDFB27 /* Release */,
			);
			defaultConfigurationIsVisible = 0;
			defaultConfigurationName = Release;
		};
		18F086FC2B2B7C2600CDFB27 /* Build configuration list for PBXNativeTarget "HelperClasses" */ = {
			isa = XCConfigurationList;
			buildConfigurations = (
				18F086FD2B2B7C2600CDFB27 /* Debug */,
				18F086FE2B2B7C2600CDFB27 /* Release */,
			);
			defaultConfigurationIsVisible = 0;
			defaultConfigurationName = Release;
		};
/* End XCConfigurationList section */
	};
	rootObject = 18F086E02B2B7C2200CDFB27 /* Project object */;
}
